
Microsoft Visual Studio Solution File, Format Version 12.00
# Visual Studio Version 17
VisualStudioVersion = 17.0.32112.339
MinimumVisualStudioVersion = 10.0.40219.1
Project("{8BC9CEB8-8B4A-11D0-8D11-00A0C91BC942}") = "Test4", "Test4.vcxproj", "{EE11214F-FD87-41F7-86BA-F48B8BF0185C}"
EndProject
Global
	GlobalSection(SolutionConfigurationPlatforms) = preSolution
		Debug|x64 = Debug|x64
		Debug|x86 = Debug|x86
		Release|x64 = Release|x64
		Release|x86 = Release|x86
	EndGlobalSection
	GlobalSection(ProjectConfigurationPlatforms) = postSolution
		{EE11214F-FD87-41F7-86BA-F48B8BF0185C}.Debug|x64.ActiveCfg = Debug|x64
		{EE11214F-FD87-41F7-86BA-F48B8BF0185C}.Debug|x64.Build.0 = Debug|x64
		{EE11214F-FD87-41F7-86BA-F48B8BF0185C}.Debug|x86.ActiveCfg = Debug|Win32
		{EE11214F-FD87-41F7-86BA-F48B8BF0185C}.Debug|x86.Build.0 = Debug|Win32
		{EE11214F-FD87-41F7-86BA-F48B8BF0185C}.Release|x64.ActiveCfg = Release|x64
		{EE11214F-FD87-41F7-86BA-F48B8BF0185C}.Release|x64.Build.0 = Release|x64
		{EE11214F-FD87-41F7-86BA-F48B8BF0185C}.Release|x86.ActiveCfg = Release|Win32
		{EE11214F-FD87-41F7-86BA-F48B8BF0185C}.Release|x86.Build.0 = Release|Win32
	EndGlobalSection
	GlobalSection(SolutionProperties) = preSolution
		HideSolutionNode = FALSE
	EndGlobalSection
	GlobalSection(ExtensibilityGlobals) = postSolution
		SolutionGuid = {CDE2C532-E27A-40C7-B33A-2B0DF880CD04}
	EndGlobalSection
EndGlobal
